
Microsoft Visual Studio Solution File, Format Version 12.00
# Visual Studio Version 16
VisualStudioVersion = 16.0.30503.244
MinimumVisualStudioVersion = 10.0.40219.1
Project("{FAE04EC0-301F-11D3-BF4B-00C04F79EFBC}") = "MVCWebSite", "MVCWebSite\MVCWebSite.csproj", "{53C62498-23E5-4F6C-AD97-3BDABC3A07F6}"
EndProject
Global
	GlobalSection(SolutionConfigurationPlatforms) = preSolution
		Debug|Any CPU = Debug|Any CPU
		Release|Any CPU = Release|Any CPU
	EndGlobalSection
	GlobalSection(ProjectConfigurationPlatforms) = postSolution
		{53C62498-23E5-4F6C-AD97-3BDABC3A07F6}.Debug|Any CPU.ActiveCfg = Debug|Any CPU
		{53C62498-23E5-4F6C-AD97-3BDABC3A07F6}.Debug|Any CPU.Build.0 = Debug|Any CPU
		{53C62498-23E5-4F6C-AD97-3BDABC3A07F6}.Release|Any CPU.ActiveCfg = Release|Any CPU
		{53C62498-23E5-4F6C-AD97-3BDABC3A07F6}.Release|Any CPU.Build.0 = Release|Any CPU
	EndGlobalSection
	GlobalSection(SolutionProperties) = preSolution
		HideSolutionNode = FALSE
	EndGlobalSection
	GlobalSection(ExtensibilityGlobals) = postSolution
		SolutionGuid = {0572DFBA-E723-42DC-BE10-C0D2DA18E1B6}
	EndGlobalSection
EndGlobal
